
Microsoft Visual Studio Solution File, Format Version 12.00
# Visual Studio 2013
VisualStudioVersion = 12.0.31101.0
MinimumVisualStudioVersion = 10.0.40219.1
Project("{FAE04EC0-301F-11D3-BF4B-00C04F79EFBC}") = "DDDSkeletonNET.Infrastructure.Common", "DDDSkeletonNET.Infrastructure.Common\DDDSkeletonNET.Infrastructure.Common.csproj", "{6618C7BC-9929-46F1-9783-29639AA44F2E}"
EndProject
Project("{2150E333-8FDC-42A3-9474-1A3956D46DE8}") = "Framework", "Framework", "{25103631-2337-4B1F-9E60-EB9F87F407F7}"
EndProject
Project("{2150E333-8FDC-42A3-9474-1A3956D46DE8}") = "App", "App", "{D1DCBE27-6C95-403D-9D7E-3665113F8529}"
EndProject
Project("{FAE04EC0-301F-11D3-BF4B-00C04F79EFBC}") = "DDDSkeleton.Portal.Domain", "DDDSkeleton.Portal.Domain\DDDSkeleton.Portal.Domain.csproj", "{DB2149DD-558B-49DC-B0DD-0637DBE57DB8}"
EndProject
Project("{FAE04EC0-301F-11D3-BF4B-00C04F79EFBC}") = "DDDSkeletonNET.Portal.Repository.Memory", "DDDSkeletonNET.Portal.Repository.Memory\DDDSkeletonNET.Portal.Repository.Memory.csproj", "{FCE60121-B89C-4F3A-B3E5-776FB1DCD4BE}"
EndProject
Project("{FAE04EC0-301F-11D3-BF4B-00C04F79EFBC}") = "DDDSkeletonNET.Portal.ApplicationServices", "DDDSkeletonNET.Portal.ApplicationServices\DDDSkeletonNET.Portal.ApplicationServices.csproj", "{B4BB5299-26B7-4399-90C9-E105E7F666FA}"
EndProject
Project("{FAE04EC0-301F-11D3-BF4B-00C04F79EFBC}") = "DDDSkeletonNET.Portal.WebService", "DDDSkeletonNET.Portal.WebService\DDDSkeletonNET.Portal.WebService.csproj", "{CF50435A-D849-42D8-AE26-2C1CFEF626EA}"
EndProject
Global
	GlobalSection(SolutionConfigurationPlatforms) = preSolution
		Debug|Any CPU = Debug|Any CPU
		Release|Any CPU = Release|Any CPU
	EndGlobalSection
	GlobalSection(ProjectConfigurationPlatforms) = postSolution
		{6618C7BC-9929-46F1-9783-29639AA44F2E}.Debug|Any CPU.ActiveCfg = Debug|Any CPU
		{6618C7BC-9929-46F1-9783-29639AA44F2E}.Debug|Any CPU.Build.0 = Debug|Any CPU
		{6618C7BC-9929-46F1-9783-29639AA44F2E}.Release|Any CPU.ActiveCfg = Release|Any CPU
		{6618C7BC-9929-46F1-9783-29639AA44F2E}.Release|Any CPU.Build.0 = Release|Any CPU
		{DB2149DD-558B-49DC-B0DD-0637DBE57DB8}.Debug|Any CPU.ActiveCfg = Debug|Any CPU
		{DB2149DD-558B-49DC-B0DD-0637DBE57DB8}.Debug|Any CPU.Build.0 = Debug|Any CPU
		{DB2149DD-558B-49DC-B0DD-0637DBE57DB8}.Release|Any CPU.ActiveCfg = Release|Any CPU
		{DB2149DD-558B-49DC-B0DD-0637DBE57DB8}.Release|Any CPU.Build.0 = Release|Any CPU
		{FCE60121-B89C-4F3A-B3E5-776FB1DCD4BE}.Debug|Any CPU.ActiveCfg = Debug|Any CPU
		{FCE60121-B89C-4F3A-B3E5-776FB1DCD4BE}.Debug|Any CPU.Build.0 = Debug|Any CPU
		{FCE60121-B89C-4F3A-B3E5-776FB1DCD4BE}.Release|Any CPU.ActiveCfg = Release|Any CPU
		{FCE60121-B89C-4F3A-B3E5-776FB1DCD4BE}.Release|Any CPU.Build.0 = Release|Any CPU
		{B4BB5299-26B7-4399-90C9-E105E7F666FA}.Debug|Any CPU.ActiveCfg = Debug|Any CPU
		{B4BB5299-26B7-4399-90C9-E105E7F666FA}.Debug|Any CPU.Build.0 = Debug|Any CPU
		{B4BB5299-26B7-4399-90C9-E105E7F666FA}.Release|Any CPU.ActiveCfg = Release|Any CPU
		{B4BB5299-26B7-4399-90C9-E105E7F666FA}.Release|Any CPU.Build.0 = Release|Any CPU
		{CF50435A-D849-42D8-AE26-2C1CFEF626EA}.Debug|Any CPU.ActiveCfg = Debug|Any CPU
		{CF50435A-D849-42D8-AE26-2C1CFEF626EA}.Debug|Any CPU.Build.0 = Debug|Any CPU
		{CF50435A-D849-42D8-AE26-2C1CFEF626EA}.Release|Any CPU.ActiveCfg = Release|Any CPU
		{CF50435A-D849-42D8-AE26-2C1CFEF626EA}.Release|Any CPU.Build.0 = Release|Any CPU
	EndGlobalSection
	GlobalSection(SolutionProperties) = preSolution
		HideSolutionNode = FALSE
	EndGlobalSection
	GlobalSection(NestedProjects) = preSolution
		{6618C7BC-9929-46F1-9783-29639AA44F2E} = {25103631-2337-4B1F-9E60-EB9F87F407F7}
		{DB2149DD-558B-49DC-B0DD-0637DBE57DB8} = {D1DCBE27-6C95-403D-9D7E-3665113F8529}
		{FCE60121-B89C-4F3A-B3E5-776FB1DCD4BE} = {D1DCBE27-6C95-403D-9D7E-3665113F8529}
		{B4BB5299-26B7-4399-90C9-E105E7F666FA} = {D1DCBE27-6C95-403D-9D7E-3665113F8529}
		{CF50435A-D849-42D8-AE26-2C1CFEF626EA} = {D1DCBE27-6C95-403D-9D7E-3665113F8529}
	EndGlobalSection
EndGlobal
